{
  "name": "@keshavsoft/kschema-api-gen-actions",
  "version": "1.19.3",
  "lockfileVersion": 3,
  "requires": true,
  "packages": {
    "": {
      "name": "@keshavsoft/kschema-api-gen-actions",
      "version": "1.19.3",
      "dependencies": {
        "@keshavsoft/kschema": "^1.17.8",
        "@keshavsoft/kschema-api-check": "^1.12.3"
      },
      "bin": {
        "kschema-api-gen-actions": "bin/cli.js"
      }
    },
    "node_modules/@keshavsoft/kschema": {
      "version": "1.17.10",
      "resolved": "https://registry.npmjs.org/@keshavsoft/kschema/-/kschema-1.17.10.tgz",
      "integrity": "sha512-WondnA6gE54sNLjV2elufMsY9wyDLK+vWWOGD1tS3DM6nLhX3+iZtSWx1P7QMUech3ahWZM/ApzjRDTyF3Vh4A=="
    },
    "node_modules/@keshavsoft/kschema-api-check": {
      "version": "1.12.3",
      "resolved": "https://registry.npmjs.org/@keshavsoft/kschema-api-check/-/kschema-api-check-1.12.3.tgz",
      "integrity": "sha512-YCdiOiHFEKROkrufLJYlTENk+J7MLy/D7qoXRHSnXhu2Byu0N7aObH19L1g1p8TAMHNi14CIc3Tclj4UgN0v7A==",
      "bin": {
        "kschema-api-check": "bin/cli.js"
      }
    }
  }
}
